// !$*UTF8*$!
{
	archiveVersion = 1;
	classes = {
	};
	objectVersion = 50;
	objects = {

/* Begin PBXBuildFile section */
		355BCB1925F3A7B200C3E6A1 /* MainPresenter.swift in Sources */ = {isa = PBXBuildFile; fileRef = 355BCB1825F3A7B200C3E6A1 /* MainPresenter.swift */; };
		35B5616725F3953100C53CC0 /* AppDelegate.swift in Sources */ = {isa = PBXBuildFile; fileRef = 35B5616625F3953100C53CC0 /* AppDelegate.swift */; };
		35B5616925F3953100C53CC0 /* SceneDelegate.swift in Sources */ = {isa = PBXBuildFile; fileRef = 35B5616825F3953100C53CC0 /* SceneDelegate.swift */; };
		35B5616E25F3953100C53CC0 /* Main.storyboard in Resources */ = {isa = PBXBuildFile; fileRef = 35B5616C25F3953100C53CC0 /* Main.storyboard */; };
		35B5617125F3953100C53CC0 /* Botalka.xcdatamodeld in Sources */ = {isa = PBXBuildFile; fileRef = 35B5616F25F3953100C53CC0 /* Botalka.xcdatamodeld */; };
		35B5617325F3953100C53CC0 /* Assets.xcassets in Resources */ = {isa = PBXBuildFile; fileRef = 35B5617225F3953100C53CC0 /* Assets.xcassets */; };
		35B5617625F3953100C53CC0 /* LaunchScreen.storyboard in Resources */ = {isa = PBXBuildFile; fileRef = 35B5617425F3953100C53CC0 /* LaunchScreen.storyboard */; };
		35B5618025F3955D00C53CC0 /* MainViewController.swift in Sources */ = {isa = PBXBuildFile; fileRef = 35B5617F25F3955D00C53CC0 /* MainViewController.swift */; };
		35B5619B25F39D5F00C53CC0 /* Animal.swift in Sources */ = {isa = PBXBuildFile; fileRef = 35B5619A25F39D5F00C53CC0 /* Animal.swift */; };
		9D072E0625F3EF88004DBA3F /* CollectionViewController.swift in Sources */ = {isa = PBXBuildFile; fileRef = 9D072E0525F3EF88004DBA3F /* CollectionViewController.swift */; };
		9D072E0A25F3F093004DBA3F /* CollectionPresenter.swift in Sources */ = {isa = PBXBuildFile; fileRef = 9D072E0925F3F093004DBA3F /* CollectionPresenter.swift */; };
		9D072E1725F3F186004DBA3F /* ShopPresenter.swift in Sources */ = {isa = PBXBuildFile; fileRef = 9D072E1625F3F186004DBA3F /* ShopPresenter.swift */; };
		9D072E1A25F3F196004DBA3F /* ShopViewController.swift in Sources */ = {isa = PBXBuildFile; fileRef = 9D072E1925F3F196004DBA3F /* ShopViewController.swift */; };
		9D072E1D25F3F1A9004DBA3F /* HistoryPresenter.swift in Sources */ = {isa = PBXBuildFile; fileRef = 9D072E1C25F3F1A9004DBA3F /* HistoryPresenter.swift */; };
		9D072E2025F3F1B6004DBA3F /* HistoryViewController.swift in Sources */ = {isa = PBXBuildFile; fileRef = 9D072E1F25F3F1B6004DBA3F /* HistoryViewController.swift */; };
		9D072E2325F3F1C5004DBA3F /* InfoPresenter.swift in Sources */ = {isa = PBXBuildFile; fileRef = 9D072E2225F3F1C5004DBA3F /* InfoPresenter.swift */; };
		9D072E2625F3F1CF004DBA3F /* InfoViewController.swift in Sources */ = {isa = PBXBuildFile; fileRef = 9D072E2525F3F1CF004DBA3F /* InfoViewController.swift */; };
/* End PBXBuildFile section */

/* Begin PBXFileReference section */
		355BCB1825F3A7B200C3E6A1 /* MainPresenter.swift */ = {isa = PBXFileReference; lastKnownFileType = sourcecode.swift; path = MainPresenter.swift; sourceTree = "<group>"; };
		35B5616325F3953100C53CC0 /* Botalka.app */ = {isa = PBXFileReference; explicitFileType = wrapper.application; includeInIndex = 0; path = Botalka.app; sourceTree = BUILT_PRODUCTS_DIR; };
		35B5616625F3953100C53CC0 /* AppDelegate.swift */ = {isa = PBXFileReference; lastKnownFileType = sourcecode.swift; path = AppDelegate.swift; sourceTree = "<group>"; };
		35B5616825F3953100C53CC0 /* SceneDelegate.swift */ = {isa = PBXFileReference; lastKnownFileType = sourcecode.swift; path = SceneDelegate.swift; sourceTree = "<group>"; };
		35B5616D25F3953100C53CC0 /* Base */ = {isa = PBXFileReference; lastKnownFileType = file.storyboard; name = Base; path = Base.lproj/Main.storyboard; sourceTree = "<group>"; };
		35B5617025F3953100C53CC0 /* Botalka.xcdatamodel */ = {isa = PBXFileReference; lastKnownFileType = wrapper.xcdatamodel; path = Botalka.xcdatamodel; sourceTree = "<group>"; };
		35B5617225F3953100C53CC0 /* Assets.xcassets */ = {isa = PBXFileReference; lastKnownFileType = folder.assetcatalog; path = Assets.xcassets; sourceTree = "<group>"; };
		35B5617525F3953100C53CC0 /* Base */ = {isa = PBXFileReference; lastKnownFileType = file.storyboard; name = Base; path = Base.lproj/LaunchScreen.storyboard; sourceTree = "<group>"; };
		35B5617725F3953100C53CC0 /* Info.plist */ = {isa = PBXFileReference; lastKnownFileType = text.plist.xml; path = Info.plist; sourceTree = "<group>"; };
		35B5617F25F3955D00C53CC0 /* MainViewController.swift */ = {isa = PBXFileReference; lastKnownFileType = sourcecode.swift; path = MainViewController.swift; sourceTree = "<group>"; usesTabs = 0; };
		35B5619A25F39D5F00C53CC0 /* Animal.swift */ = {isa = PBXFileReference; lastKnownFileType = sourcecode.swift; path = Animal.swift; sourceTree = "<group>"; };
		9D072E0525F3EF88004DBA3F /* CollectionViewController.swift */ = {isa = PBXFileReference; lastKnownFileType = sourcecode.swift; path = CollectionViewController.swift; sourceTree = "<group>"; };
		9D072E0925F3F093004DBA3F /* CollectionPresenter.swift */ = {isa = PBXFileReference; lastKnownFileType = sourcecode.swift; path = CollectionPresenter.swift; sourceTree = "<group>"; };
		9D072E1625F3F186004DBA3F /* ShopPresenter.swift */ = {isa = PBXFileReference; lastKnownFileType = sourcecode.swift; path = ShopPresenter.swift; sourceTree = "<group>"; };
		9D072E1925F3F196004DBA3F /* ShopViewController.swift */ = {isa = PBXFileReference; lastKnownFileType = sourcecode.swift; path = ShopViewController.swift; sourceTree = "<group>"; };
		9D072E1C25F3F1A9004DBA3F /* HistoryPresenter.swift */ = {isa = PBXFileReference; lastKnownFileType = sourcecode.swift; path = HistoryPresenter.swift; sourceTree = "<group>"; };
		9D072E1F25F3F1B6004DBA3F /* HistoryViewController.swift */ = {isa = PBXFileReference; lastKnownFileType = sourcecode.swift; path = HistoryViewController.swift; sourceTree = "<group>"; };
		9D072E2225F3F1C5004DBA3F /* InfoPresenter.swift */ = {isa = PBXFileReference; lastKnownFileType = sourcecode.swift; path = InfoPresenter.swift; sourceTree = "<group>"; };
		9D072E2525F3F1CF004DBA3F /* InfoViewController.swift */ = {isa = PBXFileReference; lastKnownFileType = sourcecode.swift; path = InfoViewController.swift; sourceTree = "<group>"; };
/* End PBXFileReference section */

/* Begin PBXFrameworksBuildPhase section */
		35B5616025F3953100C53CC0 /* Frameworks */ = {
			isa = PBXFrameworksBuildPhase;
			buildActionMask = 2147483647;
			files = (
			);
			runOnlyForDeploymentPostprocessing = 0;
		};
/* End PBXFrameworksBuildPhase section */

/* Begin PBXGroup section */
		35B5615A25F3953100C53CC0 = {
			isa = PBXGroup;
			children = (
				35B5616525F3953100C53CC0 /* Botalka */,
				35B5616425F3953100C53CC0 /* Products */,
			);
			sourceTree = "<group>";
		};
		35B5616425F3953100C53CC0 /* Products */ = {
			isa = PBXGroup;
			children = (
				35B5616325F3953100C53CC0 /* Botalka.app */,
			);
			name = Products;
			sourceTree = "<group>";
		};
		35B5616525F3953100C53CC0 /* Botalka */ = {
			isa = PBXGroup;
			children = (
				35B5619825F39C8C00C53CC0 /* Model */,
				35B5618225F3958000C53CC0 /* MainModule */,
				9D072E0225F3EF44004DBA3F /* CollectionModule */,
				9D072E0F25F3F139004DBA3F /* ShopModule */,
				9D072E0D25F3F0BB004DBA3F /* HistoryModule */,
				9D072E0E25F3F0D7004DBA3F /* InfoModule */,
				35B5617425F3953100C53CC0 /* LaunchScreen.storyboard */,
				35B5616825F3953100C53CC0 /* SceneDelegate.swift */,
				35B5616625F3953100C53CC0 /* AppDelegate.swift */,
				35B5617225F3953100C53CC0 /* Assets.xcassets */,
				35B5616F25F3953100C53CC0 /* Botalka.xcdatamodeld */,
				35B5617725F3953100C53CC0 /* Info.plist */,
				35B5616C25F3953100C53CC0 /* Main.storyboard */,
			);
			path = Botalka;
			sourceTree = "<group>";
		};
		35B5618225F3958000C53CC0 /* MainModule */ = {
			isa = PBXGroup;
			children = (
				35B5618725F395D400C53CC0 /* Presenter */,
				35B5618625F395CC00C53CC0 /* View */,
			);
			path = MainModule;
			sourceTree = "<group>";
		};
		35B5618625F395CC00C53CC0 /* View */ = {
			isa = PBXGroup;
			children = (
				35B5617F25F3955D00C53CC0 /* MainViewController.swift */,
			);
			path = View;
			sourceTree = "<group>";
		};
		35B5618725F395D400C53CC0 /* Presenter */ = {
			isa = PBXGroup;
			children = (
				355BCB1825F3A7B200C3E6A1 /* MainPresenter.swift */,
			);
			path = Presenter;
			sourceTree = "<group>";
		};
		35B5619825F39C8C00C53CC0 /* Model */ = {
			isa = PBXGroup;
			children = (
				35B5619A25F39D5F00C53CC0 /* Animal.swift */,
			);
			path = Model;
			sourceTree = "<group>";
		};
		9D072E0225F3EF44004DBA3F /* CollectionModule */ = {
			isa = PBXGroup;
			children = (
				9D072E0425F3EF70004DBA3F /* Presenter */,
				9D072E0325F3EF69004DBA3F /* View */,
			);
			path = CollectionModule;
			sourceTree = "<group>";
		};
		9D072E0325F3EF69004DBA3F /* View */ = {
			isa = PBXGroup;
			children = (
				9D072E0525F3EF88004DBA3F /* CollectionViewController.swift */,
			);
			path = View;
			sourceTree = "<group>";
		};
		9D072E0425F3EF70004DBA3F /* Presenter */ = {
			isa = PBXGroup;
			children = (
				9D072E0925F3F093004DBA3F /* CollectionPresenter.swift */,
			);
			path = Presenter;
			sourceTree = "<group>";
		};
		9D072E0D25F3F0BB004DBA3F /* HistoryModule */ = {
			isa = PBXGroup;
			children = (
				9D072E1325F3F163004DBA3F /* Presenter */,
				9D072E1225F3F15D004DBA3F /* View */,
			);
			path = HistoryModule;
			sourceTree = "<group>";
		};
		9D072E0E25F3F0D7004DBA3F /* InfoModule */ = {
			isa = PBXGroup;
			children = (
				9D072E1525F3F173004DBA3F /* Presenter */,
				9D072E1425F3F16D004DBA3F /* View */,
			);
			path = InfoModule;
			sourceTree = "<group>";
		};
		9D072E0F25F3F139004DBA3F /* ShopModule */ = {
			isa = PBXGroup;
			children = (
				9D072E1125F3F157004DBA3F /* Presenter */,
				9D072E1025F3F150004DBA3F /* View */,
			);
			path = ShopModule;
			sourceTree = "<group>";
		};
		9D072E1025F3F150004DBA3F /* View */ = {
			isa = PBXGroup;
			children = (
				9D072E1925F3F196004DBA3F /* ShopViewController.swift */,
			);
			path = View;
			sourceTree = "<group>";
		};
		9D072E1125F3F157004DBA3F /* Presenter */ = {
			isa = PBXGroup;
			children = (
				9D072E1625F3F186004DBA3F /* ShopPresenter.swift */,
			);
			path = Presenter;
			sourceTree = "<group>";
		};
		9D072E1225F3F15D004DBA3F /* View */ = {
			isa = PBXGroup;
			children = (
				9D072E1F25F3F1B6004DBA3F /* HistoryViewController.swift */,
			);
			path = View;
			sourceTree = "<group>";
		};
		9D072E1325F3F163004DBA3F /* Presenter */ = {
			isa = PBXGroup;
			children = (
				9D072E1C25F3F1A9004DBA3F /* HistoryPresenter.swift */,
			);
			path = Presenter;
			sourceTree = "<group>";
		};
		9D072E1425F3F16D004DBA3F /* View */ = {
			isa = PBXGroup;
			children = (
				9D072E2525F3F1CF004DBA3F /* InfoViewController.swift */,
			);
			path = View;
			sourceTree = "<group>";
		};
		9D072E1525F3F173004DBA3F /* Presenter */ = {
			isa = PBXGroup;
			children = (
				9D072E2225F3F1C5004DBA3F /* InfoPresenter.swift */,
			);
			path = Presenter;
			sourceTree = "<group>";
		};
/* End PBXGroup section */

/* Begin PBXNativeTarget section */
		35B5616225F3953100C53CC0 /* Botalka */ = {
			isa = PBXNativeTarget;
			buildConfigurationList = 35B5617A25F3953100C53CC0 /* Build configuration list for PBXNativeTarget "Botalka" */;
			buildPhases = (
				35B5615F25F3953100C53CC0 /* Sources */,
				35B5616025F3953100C53CC0 /* Frameworks */,
				35B5616125F3953100C53CC0 /* Resources */,
			);
			buildRules = (
			);
			dependencies = (
			);
			name = Botalka;
			productName = Botalka;
			productReference = 35B5616325F3953100C53CC0 /* Botalka.app */;
			productType = "com.apple.product-type.application";
		};
/* End PBXNativeTarget section */

/* Begin PBXProject section */
		35B5615B25F3953100C53CC0 /* Project object */ = {
			isa = PBXProject;
			attributes = {
				LastSwiftUpdateCheck = 1240;
				LastUpgradeCheck = 1240;
				TargetAttributes = {
					35B5616225F3953100C53CC0 = {
						CreatedOnToolsVersion = 12.4;
					};
				};
			};
			buildConfigurationList = 35B5615E25F3953100C53CC0 /* Build configuration list for PBXProject "Botalka" */;
			compatibilityVersion = "Xcode 9.3";
			developmentRegion = en;
			hasScannedForEncodings = 0;
			knownRegions = (
				en,
				Base,
			);
			mainGroup = 35B5615A25F3953100C53CC0;
			productRefGroup = 35B5616425F3953100C53CC0 /* Products */;
			projectDirPath = "";
			projectRoot = "";
			targets = (
				35B5616225F3953100C53CC0 /* Botalka */,
			);
		};
/* End PBXProject section */

/* Begin PBXResourcesBuildPhase section */
		35B5616125F3953100C53CC0 /* Resources */ = {
			isa = PBXResourcesBuildPhase;
			buildActionMask = 2147483647;
			files = (
				35B5617625F3953100C53CC0 /* LaunchScreen.storyboard in Resources */,
				35B5617325F3953100C53CC0 /* Assets.xcassets in Resources */,
				35B5616E25F3953100C53CC0 /* Main.storyboard in Resources */,
			);
			runOnlyForDeploymentPostprocessing = 0;
		};
/* End PBXResourcesBuildPhase section */

/* Begin PBXSourcesBuildPhase section */
		35B5615F25F3953100C53CC0 /* Sources */ = {
			isa = PBXSourcesBuildPhase;
			buildActionMask = 2147483647;
			files = (
				9D072E1D25F3F1A9004DBA3F /* HistoryPresenter.swift in Sources */,
				9D072E2325F3F1C5004DBA3F /* InfoPresenter.swift in Sources */,
				9D072E0A25F3F093004DBA3F /* CollectionPresenter.swift in Sources */,
				35B5616725F3953100C53CC0 /* AppDelegate.swift in Sources */,
				9D072E2025F3F1B6004DBA3F /* HistoryViewController.swift in Sources */,
				9D072E1A25F3F196004DBA3F /* ShopViewController.swift in Sources */,
				9D072E1725F3F186004DBA3F /* ShopPresenter.swift in Sources */,
				355BCB1925F3A7B200C3E6A1 /* MainPresenter.swift in Sources */,
				35B5617125F3953100C53CC0 /* Botalka.xcdatamodeld in Sources */,
				35B5616925F3953100C53CC0 /* SceneDelegate.swift in Sources */,
				9D072E2625F3F1CF004DBA3F /* InfoViewController.swift in Sources */,
				9D072E0625F3EF88004DBA3F /* CollectionViewController.swift in Sources */,
				35B5618025F3955D00C53CC0 /* MainViewController.swift in Sources */,
				35B5619B25F39D5F00C53CC0 /* Animal.swift in Sources */,
			);
			runOnlyForDeploymentPostprocessing = 0;
		};
/* End PBXSourcesBuildPhase section */

/* Begin PBXVariantGroup section */
		35B5616C25F3953100C53CC0 /* Main.storyboard */ = {
			isa = PBXVariantGroup;
			children = (
				35B5616D25F3953100C53CC0 /* Base */,
			);
			name = Main.storyboard;
			sourceTree = "<group>";
		};
		35B5617425F3953100C53CC0 /* LaunchScreen.storyboard */ = {
			isa = PBXVariantGroup;
			children = (
				35B5617525F3953100C53CC0 /* Base */,
			);
			name = LaunchScreen.storyboard;
			sourceTree = "<group>";
		};
/* End PBXVariantGroup section */

/* Begin XCBuildConfiguration section */
		35B5617825F3953100C53CC0 /* Debug */ = {
			isa = XCBuildConfiguration;
			buildSettings = {
				ALWAYS_SEARCH_USER_PATHS = NO;
				CLANG_ANALYZER_NONNULL = YES;
				CLANG_ANALYZER_NUMBER_OBJECT_CONVERSION = YES_AGGRESSIVE;
				CLANG_CXX_LANGUAGE_STANDARD = "gnu++14";
				CLANG_CXX_LIBRARY = "libc++";
				CLANG_ENABLE_MODULES = YES;
				CLANG_ENABLE_OBJC_ARC = YES;
				CLANG_ENABLE_OBJC_WEAK = YES;
				CLANG_WARN_BLOCK_CAPTURE_AUTORELEASING = YES;
				CLANG_WARN_BOOL_CONVERSION = YES;
				CLANG_WARN_COMMA = YES;
				CLANG_WARN_CONSTANT_CONVERSION = YES;
				CLANG_WARN_DEPRECATED_OBJC_IMPLEMENTATIONS = YES;
				CLANG_WARN_DIRECT_OBJC_ISA_USAGE = YES_ERROR;
				CLANG_WARN_DOCUMENTATION_COMMENTS = YES;
				CLANG_WARN_EMPTY_BODY = YES;
				CLANG_WARN_ENUM_CONVERSION = YES;
				CLANG_WARN_INFINITE_RECURSION = YES;
				CLANG_WARN_INT_CONVERSION = YES;
				CLANG_WARN_NON_LITERAL_NULL_CONVERSION = YES;
				CLANG_WARN_OBJC_IMPLICIT_RETAIN_SELF = YES;
				CLANG_WARN_OBJC_LITERAL_CONVERSION = YES;
				CLANG_WARN_OBJC_ROOT_CLASS = YES_ERROR;
				CLANG_WARN_QUOTED_INCLUDE_IN_FRAMEWORK_HEADER = YES;
				CLANG_WARN_RANGE_LOOP_ANALYSIS = YES;
				CLANG_WARN_STRICT_PROTOTYPES = YES;
				CLANG_WARN_SUSPICIOUS_MOVE = YES;
				CLANG_WARN_UNGUARDED_AVAILABILITY = YES_AGGRESSIVE;
				CLANG_WARN_UNREACHABLE_CODE = YES;
				CLANG_WARN__DUPLICATE_METHOD_MATCH = YES;
				COPY_PHASE_STRIP = NO;
				DEBUG_INFORMATION_FORMAT = dwarf;
				ENABLE_STRICT_OBJC_MSGSEND = YES;
				ENABLE_TESTABILITY = YES;
				GCC_C_LANGUAGE_STANDARD = gnu11;
				GCC_DYNAMIC_NO_PIC = NO;
				GCC_NO_COMMON_BLOCKS = YES;
				GCC_OPTIMIZATION_LEVEL = 0;
				GCC_PREPROCESSOR_DEFINITIONS = (
					"DEBUG=1",
					"$(inherited)",
				);
				GCC_WARN_64_TO_32_BIT_CONVERSION = YES;
				GCC_WARN_ABOUT_RETURN_TYPE = YES_ERROR;
				GCC_WARN_UNDECLARED_SELECTOR = YES;
				GCC_WARN_UNINITIALIZED_AUTOS = YES_AGGRESSIVE;
				GCC_WARN_UNUSED_FUNCTION = YES;
				GCC_WARN_UNUSED_VARIABLE = YES;
				IPHONEOS_DEPLOYMENT_TARGET = 14.4;
				MTL_ENABLE_DEBUG_INFO = INCLUDE_SOURCE;
				MTL_FAST_MATH = YES;
				ONLY_ACTIVE_ARCH = YES;
				SDKROOT = iphoneos;
				SWIFT_ACTIVE_COMPILATION_CONDITIONS = DEBUG;
				SWIFT_OPTIMIZATION_LEVEL = "-Onone";
			};
			name = Debug;
		};
		35B5617925F3953100C53CC0 /* Release */ = {
			isa = XCBuildConfiguration;
			buildSettings = {
				ALWAYS_SEARCH_USER_PATHS = NO;
				CLANG_ANALYZER_NONNULL = YES;
				CLANG_ANALYZER_NUMBER_OBJECT_CONVERSION = YES_AGGRESSIVE;
				CLANG_CXX_LANGUAGE_STANDARD = "gnu++14";
				CLANG_CXX_LIBRARY = "libc++";
				CLANG_ENABLE_MODULES = YES;
				CLANG_ENABLE_OBJC_ARC = YES;
				CLANG_ENABLE_OBJC_WEAK = YES;
				CLANG_WARN_BLOCK_CAPTURE_AUTORELEASING = YES;
				CLANG_WARN_BOOL_CONVERSION = YES;
				CLANG_WARN_COMMA = YES;
				CLANG_WARN_CONSTANT_CONVERSION = YES;
				CLANG_WARN_DEPRECATED_OBJC_IMPLEMENTATIONS = YES;
				CLANG_WARN_DIRECT_OBJC_ISA_USAGE = YES_ERROR;
				CLANG_WARN_DOCUMENTATION_COMMENTS = YES;
				CLANG_WARN_EMPTY_BODY = YES;
				CLANG_WARN_ENUM_CONVERSION = YES;
				CLANG_WARN_INFINITE_RECURSION = YES;
				CLANG_WARN_INT_CONVERSION = YES;
				CLANG_WARN_NON_LITERAL_NULL_CONVERSION = YES;
				CLANG_WARN_OBJC_IMPLICIT_RETAIN_SELF = YES;
				CLANG_WARN_OBJC_LITERAL_CONVERSION = YES;
				CLANG_WARN_OBJC_ROOT_CLASS = YES_ERROR;
				CLANG_WARN_QUOTED_INCLUDE_IN_FRAMEWORK_HEADER = YES;
				CLANG_WARN_RANGE_LOOP_ANALYSIS = YES;
				CLANG_WARN_STRICT_PROTOTYPES = YES;
				CLANG_WARN_SUSPICIOUS_MOVE = YES;
				CLANG_WARN_UNGUARDED_AVAILABILITY = YES_AGGRESSIVE;
				CLANG_WARN_UNREACHABLE_CODE = YES;
				CLANG_WARN__DUPLICATE_METHOD_MATCH = YES;
				COPY_PHASE_STRIP = NO;
				DEBUG_INFORMATION_FORMAT = "dwarf-with-dsym";
				ENABLE_NS_ASSERTIONS = NO;
				ENABLE_STRICT_OBJC_MSGSEND = YES;
				GCC_C_LANGUAGE_STANDARD = gnu11;
				GCC_NO_COMMON_BLOCKS = YES;
				GCC_WARN_64_TO_32_BIT_CONVERSION = YES;
				GCC_WARN_ABOUT_RETURN_TYPE = YES_ERROR;
				GCC_WARN_UNDECLARED_SELECTOR = YES;
				GCC_WARN_UNINITIALIZED_AUTOS = YES_AGGRESSIVE;
				GCC_WARN_UNUSED_FUNCTION = YES;
				GCC_WARN_UNUSED_VARIABLE = YES;
				IPHONEOS_DEPLOYMENT_TARGET = 14.4;
				MTL_ENABLE_DEBUG_INFO = NO;
				MTL_FAST_MATH = YES;
				SDKROOT = iphoneos;
				SWIFT_COMPILATION_MODE = wholemodule;
				SWIFT_OPTIMIZATION_LEVEL = "-O";
				VALIDATE_PRODUCT = YES;
			};
			name = Release;
		};
		35B5617B25F3953100C53CC0 /* Debug */ = {
			isa = XCBuildConfiguration;
			buildSettings = {
				ASSETCATALOG_COMPILER_APPICON_NAME = AppIcon;
				ASSETCATALOG_COMPILER_GLOBAL_ACCENT_COLOR_NAME = AccentColor;
				CODE_SIGN_STYLE = Automatic;
				DEVELOPMENT_TEAM = A3HU29VV25;
				INFOPLIST_FILE = Botalka/Info.plist;
				LD_RUNPATH_SEARCH_PATHS = (
					"$(inherited)",
					"@executable_path/Frameworks",
				);
				PRODUCT_BUNDLE_IDENTIFIER = firstProject.Botalka;
				PRODUCT_NAME = "$(TARGET_NAME)";
				SWIFT_VERSION = 5.0;
				TARGETED_DEVICE_FAMILY = "1,2";
			};
			name = Debug;
		};
		35B5617C25F3953100C53CC0 /* Release */ = {
			isa = XCBuildConfiguration;
			buildSettings = {
				ASSETCATALOG_COMPILER_APPICON_NAME = AppIcon;
				ASSETCATALOG_COMPILER_GLOBAL_ACCENT_COLOR_NAME = AccentColor;
				CODE_SIGN_STYLE = Automatic;
				DEVELOPMENT_TEAM = A3HU29VV25;
				INFOPLIST_FILE = Botalka/Info.plist;
				LD_RUNPATH_SEARCH_PATHS = (
					"$(inherited)",
					"@executable_path/Frameworks",
				);
				PRODUCT_BUNDLE_IDENTIFIER = firstProject.Botalka;
				PRODUCT_NAME = "$(TARGET_NAME)";
				SWIFT_VERSION = 5.0;
				TARGETED_DEVICE_FAMILY = "1,2";
			};
			name = Release;
		};
/* End XCBuildConfiguration section */

/* Begin XCConfigurationList section */
		35B5615E25F3953100C53CC0 /* Build configuration list for PBXProject "Botalka" */ = {
			isa = XCConfigurationList;
			buildConfigurations = (
				35B5617825F3953100C53CC0 /* Debug */,
				35B5617925F3953100C53CC0 /* Release */,
			);
			defaultConfigurationIsVisible = 0;
			defaultConfigurationName = Release;
		};
		35B5617A25F3953100C53CC0 /* Build configuration list for PBXNativeTarget "Botalka" */ = {
			isa = XCConfigurationList;
			buildConfigurations = (
				35B5617B25F3953100C53CC0 /* Debug */,
				35B5617C25F3953100C53CC0 /* Release */,
			);
			defaultConfigurationIsVisible = 0;
			defaultConfigurationName = Release;
		};
/* End XCConfigurationList section */

/* Begin XCVersionGroup section */
		35B5616F25F3953100C53CC0 /* Botalka.xcdatamodeld */ = {
			isa = XCVersionGroup;
			children = (
				35B5617025F3953100C53CC0 /* Botalka.xcdatamodel */,
			);
			currentVersion = 35B5617025F3953100C53CC0 /* Botalka.xcdatamodel */;
			path = Botalka.xcdatamodeld;
			sourceTree = "<group>";
			versionGroupType = wrapper.xcdatamodel;
		};
/* End XCVersionGroup section */
	};
	rootObject = 35B5615B25F3953100C53CC0 /* Project object */;
}
